
Microsoft Visual Studio Solution File, Format Version 12.00
# Visual Studio Version 16
VisualStudioVersion = 16.0.31229.75
MinimumVisualStudioVersion = 10.0.40219.1
Project("{9A19103F-16F7-4668-BE54-9A1E7A4F7556}") = "LunarCalenderCrawler", "LunarCalenderCrawler\LunarCalenderCrawler.csproj", "{0F1E658E-6B3C-47CF-83F7-07EEE4791689}"
EndProject
Project("{9A19103F-16F7-4668-BE54-9A1E7A4F7556}") = "LunarCalenderCrawlerTests", "LunarCalenderCrawlerTests\LunarCalenderCrawlerTests.csproj", "{EC247005-594B-4372-93B9-66649420A8BB}"
EndProject
Project("{FAE04EC0-301F-11D3-BF4B-00C04F79EFBC}") = "LunarCalenderCoverter", "LunarCalenderCoverter\LunarCalenderCoverter.csproj", "{95641B93-6DFF-4F9A-B9AD-75A12DAC6C13}"
EndProject
Global
	GlobalSection(SolutionConfigurationPlatforms) = preSolution
		Debug|Any CPU = Debug|Any CPU
		Release|Any CPU = Release|Any CPU
	EndGlobalSection
	GlobalSection(ProjectConfigurationPlatforms) = postSolution
		{0F1E658E-6B3C-47CF-83F7-07EEE4791689}.Debug|Any CPU.ActiveCfg = Debug|Any CPU
		{0F1E658E-6B3C-47CF-83F7-07EEE4791689}.Debug|Any CPU.Build.0 = Debug|Any CPU
		{0F1E658E-6B3C-47CF-83F7-07EEE4791689}.Release|Any CPU.ActiveCfg = Release|Any CPU
		{0F1E658E-6B3C-47CF-83F7-07EEE4791689}.Release|Any CPU.Build.0 = Release|Any CPU
		{EC247005-594B-4372-93B9-66649420A8BB}.Debug|Any CPU.ActiveCfg = Debug|Any CPU
		{EC247005-594B-4372-93B9-66649420A8BB}.Debug|Any CPU.Build.0 = Debug|Any CPU
		{EC247005-594B-4372-93B9-66649420A8BB}.Release|Any CPU.ActiveCfg = Release|Any CPU
		{EC247005-594B-4372-93B9-66649420A8BB}.Release|Any CPU.Build.0 = Release|Any CPU
		{95641B93-6DFF-4F9A-B9AD-75A12DAC6C13}.Debug|Any CPU.ActiveCfg = Debug|Any CPU
		{95641B93-6DFF-4F9A-B9AD-75A12DAC6C13}.Debug|Any CPU.Build.0 = Debug|Any CPU
		{95641B93-6DFF-4F9A-B9AD-75A12DAC6C13}.Release|Any CPU.ActiveCfg = Release|Any CPU
		{95641B93-6DFF-4F9A-B9AD-75A12DAC6C13}.Release|Any CPU.Build.0 = Release|Any CPU
	EndGlobalSection
	GlobalSection(SolutionProperties) = preSolution
		HideSolutionNode = FALSE
	EndGlobalSection
	GlobalSection(ExtensibilityGlobals) = postSolution
		SolutionGuid = {CB3EFED5-31C7-494A-9AC1-5BFBE3B6EAB7}
	EndGlobalSection
EndGlobal
